
Microsoft Visual Studio Solution File, Format Version 12.00
# Visual Studio 15
VisualStudioVersion = 15.0.28307.136
MinimumVisualStudioVersion = 10.0.40219.1
Project("{FAE04EC0-301F-11D3-BF4B-00C04F79EFBC}") = "Sberbank.NetCore", "Sberbank.NetCore\Sberbank.NetCore.csproj", "{EAE641CF-446C-484D-97C9-3236B9C18A30}"
EndProject
Global
	GlobalSection(SolutionConfigurationPlatforms) = preSolution
		Debug|Any CPU = Debug|Any CPU
		Release|Any CPU = Release|Any CPU
	EndGlobalSection
	GlobalSection(ProjectConfigurationPlatforms) = postSolution
		{EAE641CF-446C-484D-97C9-3236B9C18A30}.Debug|Any CPU.ActiveCfg = Debug|Any CPU
		{EAE641CF-446C-484D-97C9-3236B9C18A30}.Debug|Any CPU.Build.0 = Debug|Any CPU
		{EAE641CF-446C-484D-97C9-3236B9C18A30}.Release|Any CPU.ActiveCfg = Release|Any CPU
		{EAE641CF-446C-484D-97C9-3236B9C18A30}.Release|Any CPU.Build.0 = Release|Any CPU
	EndGlobalSection
	GlobalSection(SolutionProperties) = preSolution
		HideSolutionNode = FALSE
	EndGlobalSection
	GlobalSection(ExtensibilityGlobals) = postSolution
		SolutionGuid = {B00DA025-0D95-4089-A098-87FBAFF52BB1}
	EndGlobalSection
EndGlobal
